# This file is automatically @generated by Cargo.
# It is not intended for manual editing.
version = 4

[[package]]
name = "penguinsync-cli"
version = "0.0.0"

[[package]]
name = "penguinsync-daemon"
version = "0.0.0"
dependencies = [
 "penguinsync-net",
]

[[package]]
name = "penguinsync-ffi"
version = "0.0.0"
dependencies = [
 "penguinsync-net",
]

[[package]]
name = "penguinsync-net"
version = "0.0.0"
dependencies = [
 "penguinsync-protocol",
]

[[package]]
name = "penguinsync-protocol"
version = "0.0.0"
